<?xml version="1.0" encoding="utf-8"?>
<Project ToolsVersion="4.0" xmlns="http://schemas.microsoft.com/developer/msbuild/2003">
  <ItemGroup>
    <Filter Include="GameComponent">
      <UniqueIdentifier>{c20bac8d-e4cc-4075-989f-e80f2b44938d}</UniqueIdentifier>
    </Filter>
    <Filter Include="Scene">
      <UniqueIdentifier>{e038c750-91d8-4b06-8e9f-e43d3b427f36}</UniqueIdentifier>
    </Filter>
    <Filter Include="Utils">
      <UniqueIdentifier>{f3be0870-b7c3-474f-bf27-883ee021a269}</UniqueIdentifier>
    </Filter>
    <Filter Include="Logger">
      <UniqueIdentifier>{cc8db90a-56dd-4c2c-9d76-8ef9ae8d8294}</UniqueIdentifier>
    </Filter>
    <Filter Include="GraphicSubsystem">
      <UniqueIdentifier>{05348122-b24d-4f67-a0d6-556bd2888f6d}</UniqueIdentifier>
    </Filter>
    <Filter Include="UI">
      <UniqueIdentifier>{04c41b59-6b7d-4463-b535-087762668b4f}</UniqueIdentifier>
    </Filter>
    <Filter Include="UI\Text">
      <UniqueIdentifier>{e7cd4992-66eb-43f0-a4bb-2853cf0494f3}</UniqueIdentifier>
    </Filter>
  </ItemGroup>
  <ItemGroup>
    <ClCompile Include="$(MSBuildThisFileDirectory)GameComponent.cpp">
      <Filter>GameComponent</Filter>
    </ClCompile>
    <ClCompile Include="$(MSBuildThisFileDirectory)Scene.cpp">
      <Filter>Scene</Filter>
    </ClCompile>
    <ClCompile Include="$(MSBuildThisFileDirectory)Game.cpp" />
    <ClCompile Include="$(MSBuildThisFileDirectory)ReiaEngine.cpp" />
    <ClCompile Include="$(MSBuildThisFileDirectory)cLogger.cpp">
      <Filter>Logger</Filter>
    </ClCompile>
    <ClCompile Include="$(MSBuildThisFileDirectory)OpenGL\glad\glad.c">
      <Filter>GraphicSubsystem</Filter>
    </ClCompile>
    <ClCompile Include="$(MSBuildThisFileDirectory)Text.cpp">
      <Filter>UI\Text</Filter>
    </ClCompile>
  </ItemGroup>
  <ItemGroup>
    <ClInclude Include="$(MSBuildThisFileDirectory)GameComponent.h">
      <Filter>GameComponent</Filter>
    </ClInclude>
    <ClInclude Include="$(MSBuildThisFileDirectory)Scene.h">
      <Filter>Scene</Filter>
    </ClInclude>
    <ClInclude Include="$(MSBuildThisFileDirectory)Vector2.h">
      <Filter>Utils</Filter>
    </ClInclude>
    <ClInclude Include="$(MSBuildThisFileDirectory)Game.h" />
    <ClInclude Include="$(MSBuildThisFileDirectory)VectorI2.h">
      <Filter>Utils</Filter>
    </ClInclude>
    <ClInclude Include="$(MSBuildThisFileDirectory)cLogger.h">
      <Filter>Logger</Filter>
    </ClInclude>
    <ClInclude Include="$(MSBuildThisFileDirectory)GLSubsystem.h">
      <Filter>GraphicSubsystem</Filter>
    </ClInclude>
    <ClInclude Include="$(MSBuildThisFileDirectory)GraphicsSubsystem.h">
      <Filter>GraphicSubsystem</Filter>
    </ClInclude>
    <ClInclude Include="$(MSBuildThisFileDirectory)UI.h">
      <Filter>UI</Filter>
    </ClInclude>
    <ClInclude Include="$(MSBuildThisFileDirectory)SceneRenderer.h">
      <Filter>Scene</Filter>
    </ClInclude>
    <ClInclude Include="$(MSBuildThisFileDirectory)Text.h">
      <Filter>UI\Text</Filter>
    </ClInclude>
  </ItemGroup>
</Project>